
Microsoft Visual Studio Solution File, Format Version 12.00
# Visual Studio Version 16
VisualStudioVersion = 16.0.28803.202
MinimumVisualStudioVersion = 10.0.40219.1
Project("{8BC9CEB8-8B4A-11D0-8D11-00A0C91BC942}") = "ToDoList demo", "ToDoListdemo\TodoListdemo.vcxproj", "{B18FD327-D5A9-4CF7-8CED-D33646E11888}"
EndProject
Global
	GlobalSection(SolutionConfigurationPlatforms) = preSolution
		Debug|Win32 = Debug|Win32
		Debug|x64 = Debug|x64
		Release|Win32 = Release|Win32
		Release|x64 = Release|x64
	EndGlobalSection
	GlobalSection(ProjectConfigurationPlatforms) = postSolution
		{B18FD327-D5A9-4CF7-8CED-D33646E11888}.Debug|Win32.ActiveCfg = Debug|Win32
		{B18FD327-D5A9-4CF7-8CED-D33646E11888}.Debug|Win32.Build.0 = Debug|Win32
		{B18FD327-D5A9-4CF7-8CED-D33646E11888}.Debug|x64.ActiveCfg = Debug|Win32
		{B18FD327-D5A9-4CF7-8CED-D33646E11888}.Release|Win32.ActiveCfg = Release|Win32
		{B18FD327-D5A9-4CF7-8CED-D33646E11888}.Release|Win32.Build.0 = Release|Win32
		{B18FD327-D5A9-4CF7-8CED-D33646E11888}.Release|x64.ActiveCfg = Release|Win32
	EndGlobalSection
	GlobalSection(SolutionProperties) = preSolution
		HideSolutionNode = FALSE
	EndGlobalSection
	GlobalSection(ExtensibilityGlobals) = postSolution
		SolutionGuid = {E2054817-F468-415F-AA50-DEEC33FEBF62}
	EndGlobalSection
EndGlobal
